
Microsoft Visual Studio Solution File, Format Version 12.00
# Visual Studio Version 17
VisualStudioVersion = 17.13.35919.96 d17.13
MinimumVisualStudioVersion = 10.0.40219.1
Project("{FAE04EC0-301F-11D3-BF4B-00C04F79EFBC}") = "StarforgeLauncher", "StarforgeLauncher.csproj", "{7DB8F755-CDAE-40CE-9F46-4D020DCBB543}"
EndProject
Project("{FAE04EC0-301F-11D3-BF4B-00C04F79EFBC}") = "StarforgeLaunchPad", "..\StarforgeLaunchPad\StarforgeLaunchPad.csproj", "{147386CD-D4D3-4214-9D0B-618CA57D229C}"
EndProject
Global
	GlobalSection(SolutionConfigurationPlatforms) = preSolution
		Debug|Any CPU = Debug|Any CPU
		Release|Any CPU = Release|Any CPU
	EndGlobalSection
	GlobalSection(ProjectConfigurationPlatforms) = postSolution
		{7DB8F755-CDAE-40CE-9F46-4D020DCBB543}.Debug|Any CPU.ActiveCfg = Debug|Any CPU
		{7DB8F755-CDAE-40CE-9F46-4D020DCBB543}.Debug|Any CPU.Build.0 = Debug|Any CPU
		{7DB8F755-CDAE-40CE-9F46-4D020DCBB543}.Release|Any CPU.ActiveCfg = Release|Any CPU
		{7DB8F755-CDAE-40CE-9F46-4D020DCBB543}.Release|Any CPU.Build.0 = Release|Any CPU
		{147386CD-D4D3-4214-9D0B-618CA57D229C}.Debug|Any CPU.ActiveCfg = Debug|Any CPU
		{147386CD-D4D3-4214-9D0B-618CA57D229C}.Debug|Any CPU.Build.0 = Debug|Any CPU
		{147386CD-D4D3-4214-9D0B-618CA57D229C}.Release|Any CPU.ActiveCfg = Release|Any CPU
		{147386CD-D4D3-4214-9D0B-618CA57D229C}.Release|Any CPU.Build.0 = Release|Any CPU
	EndGlobalSection
	GlobalSection(SolutionProperties) = preSolution
		HideSolutionNode = FALSE
	EndGlobalSection
	GlobalSection(ExtensibilityGlobals) = postSolution
		SolutionGuid = {F0AB0BB9-96FC-4BEF-8A59-C4504EC2E96F}
	EndGlobalSection
EndGlobal
